{
  "requires": true,
  "lockfileVersion": 1,
  "dependencies": {
    "@types/openseadragon": {
      "version": "2.4.7",
      "resolved": "https://registry.npmjs.org/@types/openseadragon/-/openseadragon-2.4.7.tgz",
      "integrity": "sha512-DQBeHTBI5ThXoWwfooEidKY0z2xAkSC2etos0JzQ1H1VfbGcXOtExGnu0JpzDx498zOJyrklBZBWfmk31t2xNQ=="
    },
    "openseadragon": {
      "version": "2.4.2",
      "resolved": "https://registry.npmjs.org/openseadragon/-/openseadragon-2.4.2.tgz",
      "integrity": "sha512-398KbZwRtOYA6OmeWRY4Q0737NTacQ9Q6whmr9Lp1MNQO3p0eBz5LIASRne+4gwequcSM1vcHcjfy3dIndQziw=="
    },
    "web-animations-js": {
      "version": "2.3.2",
      "resolved": "https://registry.npmjs.org/web-animations-js/-/web-animations-js-2.3.2.tgz",
      "integrity": "sha512-TOMFWtQdxzjWp8qx4DAraTWTsdhxVSiWa6NkPFSaPtZ1diKUxTn4yTix73A1euG1WbSOMMPcY51cnjTIHrGtDA=="
    }
  }
}
